{
  "nodes": {
    "flake-utils": {
      "locked": {
        "lastModified": 1623875721,
        "narHash": "sha256-A8BU7bjS5GirpAUv4QA+QnJ4CceLHkcXdRp4xITDB0s=",
        "owner": "numtide",
        "repo": "flake-utils",
        "rev": "f7e004a55b120c02ecb6219596820fcd32ca8772",
        "type": "github"
      },
      "original": {
        "owner": "numtide",
        "repo": "flake-utils",
        "type": "github"
      }
    },
    "nix-pre-commit-hooks": {
      "inputs": {
        "flake-utils": [
          "flake-utils"
        ],
        "nixpkgs": [
          "nixpkgs"
        ]
      },
      "locked": {
        "lastModified": 1624971177,
        "narHash": "sha256-Amf/nBj1E77RmbSSmV+hg6YOpR+rddCbbVgo5C7BS0I=",
        "owner": "cachix",
        "repo": "pre-commit-hooks.nix",
        "rev": "397f0713d007250a2c7a745e555fa16c5dc8cadb",
        "type": "github"
      },
      "original": {
        "owner": "cachix",
        "ref": "master",
        "repo": "pre-commit-hooks.nix",
        "type": "github"
      }
    },
    "nixpkgs": {
      "locked": {
        "lastModified": 1628144860,
        "narHash": "sha256-cEBTjXuZVHCeCnQaZILI7mAiCWwX9nJ4dkup64zu8Lc=",
        "owner": "nixos",
        "repo": "nixpkgs",
        "rev": "6dc0549183672acd39d735a465098ca9deeff6ad",
        "type": "github"
      },
      "original": {
        "owner": "nixos",
        "ref": "nixpkgs-unstable",
        "repo": "nixpkgs",
        "type": "github"
      }
    },
    "root": {
      "inputs": {
        "flake-utils": "flake-utils",
        "nix-pre-commit-hooks": "nix-pre-commit-hooks",
        "nixpkgs": "nixpkgs"
      }
    }
  },
  "root": "root",
  "version": 7
}
